
Microsoft Visual Studio Solution File, Format Version 12.00
# Visual Studio Version 17
VisualStudioVersion = 17.2.32516.85
MinimumVisualStudioVersion = 10.0.40219.1
Project("{2150E333-8FDC-42A3-9474-1A3956D46DE8}") = "Services", "Services", "{A862B01A-D1F0-43ED-A79F-EBC04CB94E97}"
EndProject
Project("{2150E333-8FDC-42A3-9474-1A3956D46DE8}") = "Login", "Login", "{08DC087D-525E-4CB5-B375-314047FF4C15}"
EndProject
Project("{9A19103F-16F7-4668-BE54-9A1E7A4F7556}") = "Login.API", "Services\Login\Login.API\Login.API.csproj", "{467B1C66-519A-4BCA-8565-B277FE266CDC}"
EndProject
Project("{E53339B2-1760-4266-BCC7-CA923CBCF16C}") = "docker-compose", "docker-compose.dcproj", "{E6969A5A-E345-455A-9FDA-693F38C1BB2C}"
EndProject
Project("{2150E333-8FDC-42A3-9474-1A3956D46DE8}") = "Marketplace", "Marketplace", "{A7D5B5E4-01D2-4C2C-A89B-2F5558B43DAF}"
EndProject
Project("{9A19103F-16F7-4668-BE54-9A1E7A4F7556}") = "Marketplace.API", "Services\Marketplace\Marketplace.API\Marketplace.API.csproj", "{C36BD990-3FAC-4C2D-B778-52F7B37487DB}"
EndProject
Project("{2150E333-8FDC-42A3-9474-1A3956D46DE8}") = "ApiGateways", "ApiGateways", "{1109637F-330E-449A-972F-FEF7547FA0AE}"
EndProject
Project("{9A19103F-16F7-4668-BE54-9A1E7A4F7556}") = "OcelotApiGw", "ApiGateways\OcelotApiGateway\OcelotApiGw.csproj", "{FCB7727E-7DAC-4FE7-A5B3-343A0ECF81FF}"
EndProject
Project("{2150E333-8FDC-42A3-9474-1A3956D46DE8}") = "Order", "Order", "{204B96C4-9C47-42A2-A679-B084A91523B6}"
EndProject
Project("{9A19103F-16F7-4668-BE54-9A1E7A4F7556}") = "Order.API", "Services\Order\Order.API\Order.API.csproj", "{97741F47-C365-49A8-AC3F-F3E9B1BB18EB}"
EndProject
Project("{2150E333-8FDC-42A3-9474-1A3956D46DE8}") = "Inventory", "Inventory", "{32E35E19-3614-4951-940E-D15671EE184C}"
EndProject
Project("{9A19103F-16F7-4668-BE54-9A1E7A4F7556}") = "Inventory.API", "Services\Inventory\Inventory.API\Inventory.API.csproj", "{1B8D9CDB-0BAD-404B-877B-4AC13FDA3050}"
EndProject
Project("{2150E333-8FDC-42A3-9474-1A3956D46DE8}") = "Balance", "Balance", "{28834795-A3FC-4B6C-A875-4CE242C86805}"
EndProject
Project("{9A19103F-16F7-4668-BE54-9A1E7A4F7556}") = "Balance.API", "Services\Balance\Balance.API\Balance.API.csproj", "{32DAF1D9-5FB5-4F93-A497-6BD3752AA1DA}"
EndProject
Project("{2150E333-8FDC-42A3-9474-1A3956D46DE8}") = "Stock", "Stock", "{EFB41632-3787-4870-8CB0-386D2868E559}"
EndProject
Project("{9A19103F-16F7-4668-BE54-9A1E7A4F7556}") = "Stock.API", "Services\Stock\Stock.API\Stock.API.csproj", "{0D201B72-735E-486F-BFC7-8D8693844298}"
EndProject
Project("{2150E333-8FDC-42A3-9474-1A3956D46DE8}") = "Shipping", "Shipping", "{67FE2BE9-8102-4F44-95E4-2826CD22D34C}"
EndProject
Project("{9A19103F-16F7-4668-BE54-9A1E7A4F7556}") = "Shipping.API", "Services\Shipping\Shipping.API\Shipping.API.csproj", "{150F2BE8-C62F-4BB9-8592-F8E206DB25F8}"
EndProject
Global
	GlobalSection(SolutionConfigurationPlatforms) = preSolution
		Debug|Any CPU = Debug|Any CPU
		Release|Any CPU = Release|Any CPU
	EndGlobalSection
	GlobalSection(ProjectConfigurationPlatforms) = postSolution
		{467B1C66-519A-4BCA-8565-B277FE266CDC}.Debug|Any CPU.ActiveCfg = Debug|Any CPU
		{467B1C66-519A-4BCA-8565-B277FE266CDC}.Debug|Any CPU.Build.0 = Debug|Any CPU
		{467B1C66-519A-4BCA-8565-B277FE266CDC}.Release|Any CPU.ActiveCfg = Release|Any CPU
		{467B1C66-519A-4BCA-8565-B277FE266CDC}.Release|Any CPU.Build.0 = Release|Any CPU
		{E6969A5A-E345-455A-9FDA-693F38C1BB2C}.Debug|Any CPU.ActiveCfg = Debug|Any CPU
		{E6969A5A-E345-455A-9FDA-693F38C1BB2C}.Debug|Any CPU.Build.0 = Debug|Any CPU
		{E6969A5A-E345-455A-9FDA-693F38C1BB2C}.Release|Any CPU.ActiveCfg = Release|Any CPU
		{E6969A5A-E345-455A-9FDA-693F38C1BB2C}.Release|Any CPU.Build.0 = Release|Any CPU
		{C36BD990-3FAC-4C2D-B778-52F7B37487DB}.Debug|Any CPU.ActiveCfg = Debug|Any CPU
		{C36BD990-3FAC-4C2D-B778-52F7B37487DB}.Debug|Any CPU.Build.0 = Debug|Any CPU
		{C36BD990-3FAC-4C2D-B778-52F7B37487DB}.Release|Any CPU.ActiveCfg = Release|Any CPU
		{C36BD990-3FAC-4C2D-B778-52F7B37487DB}.Release|Any CPU.Build.0 = Release|Any CPU
		{FCB7727E-7DAC-4FE7-A5B3-343A0ECF81FF}.Debug|Any CPU.ActiveCfg = Debug|Any CPU
		{FCB7727E-7DAC-4FE7-A5B3-343A0ECF81FF}.Debug|Any CPU.Build.0 = Debug|Any CPU
		{FCB7727E-7DAC-4FE7-A5B3-343A0ECF81FF}.Release|Any CPU.ActiveCfg = Release|Any CPU
		{FCB7727E-7DAC-4FE7-A5B3-343A0ECF81FF}.Release|Any CPU.Build.0 = Release|Any CPU
		{97741F47-C365-49A8-AC3F-F3E9B1BB18EB}.Debug|Any CPU.ActiveCfg = Debug|Any CPU
		{97741F47-C365-49A8-AC3F-F3E9B1BB18EB}.Debug|Any CPU.Build.0 = Debug|Any CPU
		{97741F47-C365-49A8-AC3F-F3E9B1BB18EB}.Release|Any CPU.ActiveCfg = Release|Any CPU
		{97741F47-C365-49A8-AC3F-F3E9B1BB18EB}.Release|Any CPU.Build.0 = Release|Any CPU
		{1B8D9CDB-0BAD-404B-877B-4AC13FDA3050}.Debug|Any CPU.ActiveCfg = Debug|Any CPU
		{1B8D9CDB-0BAD-404B-877B-4AC13FDA3050}.Debug|Any CPU.Build.0 = Debug|Any CPU
		{1B8D9CDB-0BAD-404B-877B-4AC13FDA3050}.Release|Any CPU.ActiveCfg = Release|Any CPU
		{1B8D9CDB-0BAD-404B-877B-4AC13FDA3050}.Release|Any CPU.Build.0 = Release|Any CPU
		{32DAF1D9-5FB5-4F93-A497-6BD3752AA1DA}.Debug|Any CPU.ActiveCfg = Debug|Any CPU
		{32DAF1D9-5FB5-4F93-A497-6BD3752AA1DA}.Debug|Any CPU.Build.0 = Debug|Any CPU
		{32DAF1D9-5FB5-4F93-A497-6BD3752AA1DA}.Release|Any CPU.ActiveCfg = Release|Any CPU
		{32DAF1D9-5FB5-4F93-A497-6BD3752AA1DA}.Release|Any CPU.Build.0 = Release|Any CPU
		{0D201B72-735E-486F-BFC7-8D8693844298}.Debug|Any CPU.ActiveCfg = Debug|Any CPU
		{0D201B72-735E-486F-BFC7-8D8693844298}.Debug|Any CPU.Build.0 = Debug|Any CPU
		{0D201B72-735E-486F-BFC7-8D8693844298}.Release|Any CPU.ActiveCfg = Release|Any CPU
		{0D201B72-735E-486F-BFC7-8D8693844298}.Release|Any CPU.Build.0 = Release|Any CPU
		{150F2BE8-C62F-4BB9-8592-F8E206DB25F8}.Debug|Any CPU.ActiveCfg = Debug|Any CPU
		{150F2BE8-C62F-4BB9-8592-F8E206DB25F8}.Debug|Any CPU.Build.0 = Debug|Any CPU
		{150F2BE8-C62F-4BB9-8592-F8E206DB25F8}.Release|Any CPU.ActiveCfg = Release|Any CPU
		{150F2BE8-C62F-4BB9-8592-F8E206DB25F8}.Release|Any CPU.Build.0 = Release|Any CPU
	EndGlobalSection
	GlobalSection(SolutionProperties) = preSolution
		HideSolutionNode = FALSE
	EndGlobalSection
	GlobalSection(NestedProjects) = preSolution
		{08DC087D-525E-4CB5-B375-314047FF4C15} = {A862B01A-D1F0-43ED-A79F-EBC04CB94E97}
		{467B1C66-519A-4BCA-8565-B277FE266CDC} = {08DC087D-525E-4CB5-B375-314047FF4C15}
		{A7D5B5E4-01D2-4C2C-A89B-2F5558B43DAF} = {A862B01A-D1F0-43ED-A79F-EBC04CB94E97}
		{C36BD990-3FAC-4C2D-B778-52F7B37487DB} = {A7D5B5E4-01D2-4C2C-A89B-2F5558B43DAF}
		{FCB7727E-7DAC-4FE7-A5B3-343A0ECF81FF} = {1109637F-330E-449A-972F-FEF7547FA0AE}
		{204B96C4-9C47-42A2-A679-B084A91523B6} = {A862B01A-D1F0-43ED-A79F-EBC04CB94E97}
		{97741F47-C365-49A8-AC3F-F3E9B1BB18EB} = {204B96C4-9C47-42A2-A679-B084A91523B6}
		{32E35E19-3614-4951-940E-D15671EE184C} = {A862B01A-D1F0-43ED-A79F-EBC04CB94E97}
		{1B8D9CDB-0BAD-404B-877B-4AC13FDA3050} = {32E35E19-3614-4951-940E-D15671EE184C}
		{28834795-A3FC-4B6C-A875-4CE242C86805} = {A862B01A-D1F0-43ED-A79F-EBC04CB94E97}
		{32DAF1D9-5FB5-4F93-A497-6BD3752AA1DA} = {28834795-A3FC-4B6C-A875-4CE242C86805}
		{EFB41632-3787-4870-8CB0-386D2868E559} = {A862B01A-D1F0-43ED-A79F-EBC04CB94E97}
		{0D201B72-735E-486F-BFC7-8D8693844298} = {EFB41632-3787-4870-8CB0-386D2868E559}
		{67FE2BE9-8102-4F44-95E4-2826CD22D34C} = {A862B01A-D1F0-43ED-A79F-EBC04CB94E97}
		{150F2BE8-C62F-4BB9-8592-F8E206DB25F8} = {67FE2BE9-8102-4F44-95E4-2826CD22D34C}
	EndGlobalSection
	GlobalSection(ExtensibilityGlobals) = postSolution
		SolutionGuid = {43BB72E3-ECEC-41C4-B813-3780719EB6C6}
	EndGlobalSection
EndGlobal
